<Solution>
  <Folder Name="/src/">
    <Project Path="src/TheSingularityWorkshop.HeadlessAi/TheSingularityWorkshop.HeadlessAi.csproj" />
  </Folder>
  <Folder Name="/tests/">
    <Project Path="tests/TheSingularityWorkshop.HeadlessAi.Tests/TheSingularityWorkshop.HeadlessAi.Tests.csproj" />
  </Folder>
</Solution>
